
Microsoft Visual Studio Solution File, Format Version 12.00
# Visual Studio 15
VisualStudioVersion = 15.0.28307.489
MinimumVisualStudioVersion = 10.0.40219.1
Project("{9A19103F-16F7-4668-BE54-9A1E7A4F7556}") = "QueueWithStacks", "QueueWithStacks\QueueWithStacks.csproj", "{12D74384-721F-40CF-8706-29E19AF0A2B0}"
EndProject
Project("{FAE04EC0-301F-11D3-BF4B-00C04F79EFBC}") = "XUnitTestProject1", "XUnitTestProject1\XUnitTestProject1.csproj", "{A6640D9E-499C-412B-82D8-F050084A7CD0}"
EndProject
Global
	GlobalSection(SolutionConfigurationPlatforms) = preSolution
		Debug|Any CPU = Debug|Any CPU
		Release|Any CPU = Release|Any CPU
	EndGlobalSection
	GlobalSection(ProjectConfigurationPlatforms) = postSolution
		{12D74384-721F-40CF-8706-29E19AF0A2B0}.Debug|Any CPU.ActiveCfg = Debug|Any CPU
		{12D74384-721F-40CF-8706-29E19AF0A2B0}.Debug|Any CPU.Build.0 = Debug|Any CPU
		{12D74384-721F-40CF-8706-29E19AF0A2B0}.Release|Any CPU.ActiveCfg = Release|Any CPU
		{12D74384-721F-40CF-8706-29E19AF0A2B0}.Release|Any CPU.Build.0 = Release|Any CPU
		{A6640D9E-499C-412B-82D8-F050084A7CD0}.Debug|Any CPU.ActiveCfg = Debug|Any CPU
		{A6640D9E-499C-412B-82D8-F050084A7CD0}.Debug|Any CPU.Build.0 = Debug|Any CPU
		{A6640D9E-499C-412B-82D8-F050084A7CD0}.Release|Any CPU.ActiveCfg = Release|Any CPU
		{A6640D9E-499C-412B-82D8-F050084A7CD0}.Release|Any CPU.Build.0 = Release|Any CPU
	EndGlobalSection
	GlobalSection(SolutionProperties) = preSolution
		HideSolutionNode = FALSE
	EndGlobalSection
	GlobalSection(ExtensibilityGlobals) = postSolution
		SolutionGuid = {B5A7F735-449D-44FB-AEC1-80C5FC212FA2}
	EndGlobalSection
EndGlobal
