
Microsoft Visual Studio Solution File, Format Version 12.00
# Visual Studio 15
VisualStudioVersion = 15.0.28307.489
MinimumVisualStudioVersion = 10.0.40219.1
Project("{FAE04EC0-301F-11D3-BF4B-00C04F79EFBC}") = "MultiBracketValidation", "MultiBracketValidation\MultiBracketValidation.csproj", "{2C54CAC9-287F-40B8-B74E-9551EC0A9467}"
EndProject
Project("{FAE04EC0-301F-11D3-BF4B-00C04F79EFBC}") = "XUnitTestProject1", "XUnitTestProject1\XUnitTestProject1.csproj", "{BC01B177-C9EE-484B-BF74-6A1B58BA10F7}"
EndProject
Global
	GlobalSection(SolutionConfigurationPlatforms) = preSolution
		Debug|Any CPU = Debug|Any CPU
		Release|Any CPU = Release|Any CPU
	EndGlobalSection
	GlobalSection(ProjectConfigurationPlatforms) = postSolution
		{2C54CAC9-287F-40B8-B74E-9551EC0A9467}.Debug|Any CPU.ActiveCfg = Debug|Any CPU
		{2C54CAC9-287F-40B8-B74E-9551EC0A9467}.Debug|Any CPU.Build.0 = Debug|Any CPU
		{2C54CAC9-287F-40B8-B74E-9551EC0A9467}.Release|Any CPU.ActiveCfg = Release|Any CPU
		{2C54CAC9-287F-40B8-B74E-9551EC0A9467}.Release|Any CPU.Build.0 = Release|Any CPU
		{BC01B177-C9EE-484B-BF74-6A1B58BA10F7}.Debug|Any CPU.ActiveCfg = Debug|Any CPU
		{BC01B177-C9EE-484B-BF74-6A1B58BA10F7}.Debug|Any CPU.Build.0 = Debug|Any CPU
		{BC01B177-C9EE-484B-BF74-6A1B58BA10F7}.Release|Any CPU.ActiveCfg = Release|Any CPU
		{BC01B177-C9EE-484B-BF74-6A1B58BA10F7}.Release|Any CPU.Build.0 = Release|Any CPU
	EndGlobalSection
	GlobalSection(SolutionProperties) = preSolution
		HideSolutionNode = FALSE
	EndGlobalSection
	GlobalSection(ExtensibilityGlobals) = postSolution
		SolutionGuid = {38B199C9-1AB9-4A3B-8270-FA71786029BD}
	EndGlobalSection
EndGlobal
